// !$*UTF8*$!
{
	archiveVersion = 1;
	classes = {
	};
	objectVersion = 56;
	objects = {

/* Begin PBXBuildFile section */
		CC34E9532B0BAF6700F81551 /* PhotosApp 1.mlmodel in Sources */ = {isa = PBXBuildFile; fileRef = CC34E9522B0BAF6700F81551 /* PhotosApp 1.mlmodel */; };
		CC34E9572B0BB2DE00F81551 /* ImageClassificationView.swift in Sources */ = {isa = PBXBuildFile; fileRef = CC34E9552B0BB2DE00F81551 /* ImageClassificationView.swift */; };
		CC34E9582B0BB2DE00F81551 /* ImageClassification.swift in Sources */ = {isa = PBXBuildFile; fileRef = CC34E9562B0BB2DE00F81551 /* ImageClassification.swift */; };
		CC34E95A2B0BB2EF00F81551 /* CoreMLDocumentationView.swift in Sources */ = {isa = PBXBuildFile; fileRef = CC34E9592B0BB2EF00F81551 /* CoreMLDocumentationView.swift */; };
		CC34E95E2B0BB49F00F81551 /* VideoView.swift in Sources */ = {isa = PBXBuildFile; fileRef = CC34E95D2B0BB49F00F81551 /* VideoView.swift */; };
		CC34E9602B0BB4CA00F81551 /* SwiftUIAVCaptureVideoPreviewView.swift in Sources */ = {isa = PBXBuildFile; fileRef = CC34E95F2B0BB4CA00F81551 /* SwiftUIAVCaptureVideoPreviewView.swift */; };
		CC8581E22B0BAEEA00382E44 /* ClonePhotosAppApp.swift in Sources */ = {isa = PBXBuildFile; fileRef = CC8581E12B0BAEEA00382E44 /* ClonePhotosAppApp.swift */; };
		CC8581E62B0BAEEB00382E44 /* Assets.xcassets in Resources */ = {isa = PBXBuildFile; fileRef = CC8581E52B0BAEEB00382E44 /* Assets.xcassets */; };
		CC8581E92B0BAEEB00382E44 /* Preview Assets.xcassets in Resources */ = {isa = PBXBuildFile; fileRef = CC8581E82B0BAEEB00382E44 /* Preview Assets.xcassets */; };
/* End PBXBuildFile section */

/* Begin PBXFileReference section */
		CC34E9522B0BAF6700F81551 /* PhotosApp 1.mlmodel */ = {isa = PBXFileReference; lastKnownFileType = file.mlmodel; path = "PhotosApp 1.mlmodel"; sourceTree = "<group>"; };
		CC34E9552B0BB2DE00F81551 /* ImageClassificationView.swift */ = {isa = PBXFileReference; fileEncoding = 4; lastKnownFileType = sourcecode.swift; path = ImageClassificationView.swift; sourceTree = "<group>"; };
		CC34E9562B0BB2DE00F81551 /* ImageClassification.swift */ = {isa = PBXFileReference; fileEncoding = 4; lastKnownFileType = sourcecode.swift; path = ImageClassification.swift; sourceTree = "<group>"; };
		CC34E9592B0BB2EF00F81551 /* CoreMLDocumentationView.swift */ = {isa = PBXFileReference; fileEncoding = 4; lastKnownFileType = sourcecode.swift; path = CoreMLDocumentationView.swift; sourceTree = "<group>"; };
		CC34E95D2B0BB49F00F81551 /* VideoView.swift */ = {isa = PBXFileReference; lastKnownFileType = sourcecode.swift; path = VideoView.swift; sourceTree = "<group>"; };
		CC34E95F2B0BB4CA00F81551 /* SwiftUIAVCaptureVideoPreviewView.swift */ = {isa = PBXFileReference; lastKnownFileType = sourcecode.swift; path = SwiftUIAVCaptureVideoPreviewView.swift; sourceTree = "<group>"; };
		CC8581DE2B0BAEEA00382E44 /* ClonePhotosApp.app */ = {isa = PBXFileReference; explicitFileType = wrapper.application; includeInIndex = 0; path = ClonePhotosApp.app; sourceTree = BUILT_PRODUCTS_DIR; };
		CC8581E12B0BAEEA00382E44 /* ClonePhotosAppApp.swift */ = {isa = PBXFileReference; lastKnownFileType = sourcecode.swift; path = ClonePhotosAppApp.swift; sourceTree = "<group>"; };
		CC8581E52B0BAEEB00382E44 /* Assets.xcassets */ = {isa = PBXFileReference; lastKnownFileType = folder.assetcatalog; path = Assets.xcassets; sourceTree = "<group>"; };
		CC8581E82B0BAEEB00382E44 /* Preview Assets.xcassets */ = {isa = PBXFileReference; lastKnownFileType = folder.assetcatalog; path = "Preview Assets.xcassets"; sourceTree = "<group>"; };
/* End PBXFileReference section */

/* Begin PBXFrameworksBuildPhase section */
		CC8581DB2B0BAEEA00382E44 /* Frameworks */ = {
			isa = PBXFrameworksBuildPhase;
			buildActionMask = 2147483647;
			files = (
			);
			runOnlyForDeploymentPostprocessing = 0;
		};
/* End PBXFrameworksBuildPhase section */

/* Begin PBXGroup section */
		CC34E9542B0BAF7300F81551 /* Model */ = {
			isa = PBXGroup;
			children = (
				CC34E9522B0BAF6700F81551 /* PhotosApp 1.mlmodel */,
			);
			path = Model;
			sourceTree = "<group>";
		};
		CC8581D52B0BAEEA00382E44 = {
			isa = PBXGroup;
			children = (
				CC8581E02B0BAEEA00382E44 /* ClonePhotosApp */,
				CC8581DF2B0BAEEA00382E44 /* Products */,
			);
			sourceTree = "<group>";
		};
		CC8581DF2B0BAEEA00382E44 /* Products */ = {
			isa = PBXGroup;
			children = (
				CC8581DE2B0BAEEA00382E44 /* ClonePhotosApp.app */,
			);
			name = Products;
			sourceTree = "<group>";
		};
		CC8581E02B0BAEEA00382E44 /* ClonePhotosApp */ = {
			isa = PBXGroup;
			children = (
				CC8581E12B0BAEEA00382E44 /* ClonePhotosAppApp.swift */,
				CC34E9592B0BB2EF00F81551 /* CoreMLDocumentationView.swift */,
				CC34E9562B0BB2DE00F81551 /* ImageClassification.swift */,
				CC34E9552B0BB2DE00F81551 /* ImageClassificationView.swift */,
				CC34E95D2B0BB49F00F81551 /* VideoView.swift */,
				CC34E95F2B0BB4CA00F81551 /* SwiftUIAVCaptureVideoPreviewView.swift */,
				CC8581E52B0BAEEB00382E44 /* Assets.xcassets */,
				CC34E9542B0BAF7300F81551 /* Model */,
				CC8581E72B0BAEEB00382E44 /* Preview Content */,
			);
			path = ClonePhotosApp;
			sourceTree = "<group>";
		};
		CC8581E72B0BAEEB00382E44 /* Preview Content */ = {
			isa = PBXGroup;
			children = (
				CC8581E82B0BAEEB00382E44 /* Preview Assets.xcassets */,
			);
			path = "Preview Content";
			sourceTree = "<group>";
		};
/* End PBXGroup section */

/* Begin PBXNativeTarget section */
		CC8581DD2B0BAEEA00382E44 /* ClonePhotosApp */ = {
			isa = PBXNativeTarget;
			buildConfigurationList = CC8581EC2B0BAEEB00382E44 /* Build configuration list for PBXNativeTarget "ClonePhotosApp" */;
			buildPhases = (
				CC8581DA2B0BAEEA00382E44 /* Sources */,
				CC8581DB2B0BAEEA00382E44 /* Frameworks */,
				CC8581DC2B0BAEEA00382E44 /* Resources */,
			);
			buildRules = (
			);
			dependencies = (
			);
			name = ClonePhotosApp;
			productName = ClonePhotosApp;
			productReference = CC8581DE2B0BAEEA00382E44 /* ClonePhotosApp.app */;
			productType = "com.apple.product-type.application";
		};
/* End PBXNativeTarget section */

/* Begin PBXProject section */
		CC8581D62B0BAEEA00382E44 /* Project object */ = {
			isa = PBXProject;
			attributes = {
				BuildIndependentTargetsInParallel = 1;
				LastSwiftUpdateCheck = 1500;
				LastUpgradeCheck = 1500;
				TargetAttributes = {
					CC8581DD2B0BAEEA00382E44 = {
						CreatedOnToolsVersion = 15.0.1;
					};
				};
			};
			buildConfigurationList = CC8581D92B0BAEEA00382E44 /* Build configuration list for PBXProject "ClonePhotosApp" */;
			compatibilityVersion = "Xcode 14.0";
			developmentRegion = en;
			hasScannedForEncodings = 0;
			knownRegions = (
				en,
				Base,
			);
			mainGroup = CC8581D52B0BAEEA00382E44;
			productRefGroup = CC8581DF2B0BAEEA00382E44 /* Products */;
			projectDirPath = "";
			projectRoot = "";
			targets = (
				CC8581DD2B0BAEEA00382E44 /* ClonePhotosApp */,
			);
		};
/* End PBXProject section */

/* Begin PBXResourcesBuildPhase section */
		CC8581DC2B0BAEEA00382E44 /* Resources */ = {
			isa = PBXResourcesBuildPhase;
			buildActionMask = 2147483647;
			files = (
				CC8581E92B0BAEEB00382E44 /* Preview Assets.xcassets in Resources */,
				CC8581E62B0BAEEB00382E44 /* Assets.xcassets in Resources */,
			);
			runOnlyForDeploymentPostprocessing = 0;
		};
/* End PBXResourcesBuildPhase section */

/* Begin PBXSourcesBuildPhase section */
		CC8581DA2B0BAEEA00382E44 /* Sources */ = {
			isa = PBXSourcesBuildPhase;
			buildActionMask = 2147483647;
			files = (
				CC34E95E2B0BB49F00F81551 /* VideoView.swift in Sources */,
				CC34E95A2B0BB2EF00F81551 /* CoreMLDocumentationView.swift in Sources */,
				CC8581E22B0BAEEA00382E44 /* ClonePhotosAppApp.swift in Sources */,
				CC34E9582B0BB2DE00F81551 /* ImageClassification.swift in Sources */,
				CC34E9572B0BB2DE00F81551 /* ImageClassificationView.swift in Sources */,
				CC34E9532B0BAF6700F81551 /* PhotosApp 1.mlmodel in Sources */,
				CC34E9602B0BB4CA00F81551 /* SwiftUIAVCaptureVideoPreviewView.swift in Sources */,
			);
			runOnlyForDeploymentPostprocessing = 0;
		};
/* End PBXSourcesBuildPhase section */

/* Begin XCBuildConfiguration section */
		CC8581EA2B0BAEEB00382E44 /* Debug */ = {
			isa = XCBuildConfiguration;
			buildSettings = {
				ALWAYS_SEARCH_USER_PATHS = NO;
				ASSETCATALOG_COMPILER_GENERATE_SWIFT_ASSET_SYMBOL_EXTENSIONS = YES;
				CLANG_ANALYZER_NONNULL = YES;
				CLANG_ANALYZER_NUMBER_OBJECT_CONVERSION = YES_AGGRESSIVE;
				CLANG_CXX_LANGUAGE_STANDARD = "gnu++20";
				CLANG_ENABLE_MODULES = YES;
				CLANG_ENABLE_OBJC_ARC = YES;
				CLANG_ENABLE_OBJC_WEAK = YES;
				CLANG_WARN_BLOCK_CAPTURE_AUTORELEASING = YES;
				CLANG_WARN_BOOL_CONVERSION = YES;
				CLANG_WARN_COMMA = YES;
				CLANG_WARN_CONSTANT_CONVERSION = YES;
				CLANG_WARN_DEPRECATED_OBJC_IMPLEMENTATIONS = YES;
				CLANG_WARN_DIRECT_OBJC_ISA_USAGE = YES_ERROR;
				CLANG_WARN_DOCUMENTATION_COMMENTS = YES;
				CLANG_WARN_EMPTY_BODY = YES;
				CLANG_WARN_ENUM_CONVERSION = YES;
				CLANG_WARN_INFINITE_RECURSION = YES;
				CLANG_WARN_INT_CONVERSION = YES;
				CLANG_WARN_NON_LITERAL_NULL_CONVERSION = YES;
				CLANG_WARN_OBJC_IMPLICIT_RETAIN_SELF = YES;
				CLANG_WARN_OBJC_LITERAL_CONVERSION = YES;
				CLANG_WARN_OBJC_ROOT_CLASS = YES_ERROR;
				CLANG_WARN_QUOTED_INCLUDE_IN_FRAMEWORK_HEADER = YES;
				CLANG_WARN_RANGE_LOOP_ANALYSIS = YES;
				CLANG_WARN_STRICT_PROTOTYPES = YES;
				CLANG_WARN_SUSPICIOUS_MOVE = YES;
				CLANG_WARN_UNGUARDED_AVAILABILITY = YES_AGGRESSIVE;
				CLANG_WARN_UNREACHABLE_CODE = YES;
				CLANG_WARN__DUPLICATE_METHOD_MATCH = YES;
				COPY_PHASE_STRIP = NO;
				DEBUG_INFORMATION_FORMAT = dwarf;
				ENABLE_STRICT_OBJC_MSGSEND = YES;
				ENABLE_TESTABILITY = YES;
				ENABLE_USER_SCRIPT_SANDBOXING = YES;
				GCC_C_LANGUAGE_STANDARD = gnu17;
				GCC_DYNAMIC_NO_PIC = NO;
				GCC_NO_COMMON_BLOCKS = YES;
				GCC_OPTIMIZATION_LEVEL = 0;
				GCC_PREPROCESSOR_DEFINITIONS = (
					"DEBUG=1",
					"$(inherited)",
				);
				GCC_WARN_64_TO_32_BIT_CONVERSION = YES;
				GCC_WARN_ABOUT_RETURN_TYPE = YES_ERROR;
				GCC_WARN_UNDECLARED_SELECTOR = YES;
				GCC_WARN_UNINITIALIZED_AUTOS = YES_AGGRESSIVE;
				GCC_WARN_UNUSED_FUNCTION = YES;
				GCC_WARN_UNUSED_VARIABLE = YES;
				IPHONEOS_DEPLOYMENT_TARGET = 17.0;
				LOCALIZATION_PREFERS_STRING_CATALOGS = YES;
				MTL_ENABLE_DEBUG_INFO = INCLUDE_SOURCE;
				MTL_FAST_MATH = YES;
				ONLY_ACTIVE_ARCH = YES;
				SDKROOT = iphoneos;
				SWIFT_ACTIVE_COMPILATION_CONDITIONS = "DEBUG $(inherited)";
				SWIFT_OPTIMIZATION_LEVEL = "-Onone";
			};
			name = Debug;
		};
		CC8581EB2B0BAEEB00382E44 /* Release */ = {
			isa = XCBuildConfiguration;
			buildSettings = {
				ALWAYS_SEARCH_USER_PATHS = NO;
				ASSETCATALOG_COMPILER_GENERATE_SWIFT_ASSET_SYMBOL_EXTENSIONS = YES;
				CLANG_ANALYZER_NONNULL = YES;
				CLANG_ANALYZER_NUMBER_OBJECT_CONVERSION = YES_AGGRESSIVE;
				CLANG_CXX_LANGUAGE_STANDARD = "gnu++20";
				CLANG_ENABLE_MODULES = YES;
				CLANG_ENABLE_OBJC_ARC = YES;
				CLANG_ENABLE_OBJC_WEAK = YES;
				CLANG_WARN_BLOCK_CAPTURE_AUTORELEASING = YES;
				CLANG_WARN_BOOL_CONVERSION = YES;
				CLANG_WARN_COMMA = YES;
				CLANG_WARN_CONSTANT_CONVERSION = YES;
				CLANG_WARN_DEPRECATED_OBJC_IMPLEMENTATIONS = YES;
				CLANG_WARN_DIRECT_OBJC_ISA_USAGE = YES_ERROR;
				CLANG_WARN_DOCUMENTATION_COMMENTS = YES;
				CLANG_WARN_EMPTY_BODY = YES;
				CLANG_WARN_ENUM_CONVERSION = YES;
				CLANG_WARN_INFINITE_RECURSION = YES;
				CLANG_WARN_INT_CONVERSION = YES;
				CLANG_WARN_NON_LITERAL_NULL_CONVERSION = YES;
				CLANG_WARN_OBJC_IMPLICIT_RETAIN_SELF = YES;
				CLANG_WARN_OBJC_LITERAL_CONVERSION = YES;
				CLANG_WARN_OBJC_ROOT_CLASS = YES_ERROR;
				CLANG_WARN_QUOTED_INCLUDE_IN_FRAMEWORK_HEADER = YES;
				CLANG_WARN_RANGE_LOOP_ANALYSIS = YES;
				CLANG_WARN_STRICT_PROTOTYPES = YES;
				CLANG_WARN_SUSPICIOUS_MOVE = YES;
				CLANG_WARN_UNGUARDED_AVAILABILITY = YES_AGGRESSIVE;
				CLANG_WARN_UNREACHABLE_CODE = YES;
				CLANG_WARN__DUPLICATE_METHOD_MATCH = YES;
				COPY_PHASE_STRIP = NO;
				DEBUG_INFORMATION_FORMAT = "dwarf-with-dsym";
				ENABLE_NS_ASSERTIONS = NO;
				ENABLE_STRICT_OBJC_MSGSEND = YES;
				ENABLE_USER_SCRIPT_SANDBOXING = YES;
				GCC_C_LANGUAGE_STANDARD = gnu17;
				GCC_NO_COMMON_BLOCKS = YES;
				GCC_WARN_64_TO_32_BIT_CONVERSION = YES;
				GCC_WARN_ABOUT_RETURN_TYPE = YES_ERROR;
				GCC_WARN_UNDECLARED_SELECTOR = YES;
				GCC_WARN_UNINITIALIZED_AUTOS = YES_AGGRESSIVE;
				GCC_WARN_UNUSED_FUNCTION = YES;
				GCC_WARN_UNUSED_VARIABLE = YES;
				IPHONEOS_DEPLOYMENT_TARGET = 17.0;
				LOCALIZATION_PREFERS_STRING_CATALOGS = YES;
				MTL_ENABLE_DEBUG_INFO = NO;
				MTL_FAST_MATH = YES;
				SDKROOT = iphoneos;
				SWIFT_COMPILATION_MODE = wholemodule;
				VALIDATE_PRODUCT = YES;
			};
			name = Release;
		};
		CC8581ED2B0BAEEB00382E44 /* Debug */ = {
			isa = XCBuildConfiguration;
			buildSettings = {
				ASSETCATALOG_COMPILER_APPICON_NAME = AppIcon;
				ASSETCATALOG_COMPILER_GLOBAL_ACCENT_COLOR_NAME = AccentColor;
				CODE_SIGN_STYLE = Automatic;
				CURRENT_PROJECT_VERSION = 1;
				DEVELOPMENT_ASSET_PATHS = "\"ClonePhotosApp/Preview Content\"";
				DEVELOPMENT_TEAM = 23L9QGGB4X;
				ENABLE_PREVIEWS = YES;
				GENERATE_INFOPLIST_FILE = YES;
				INFOPLIST_KEY_LSApplicationCategoryType = "";
				INFOPLIST_KEY_NSCameraUsageDescription = "";
				INFOPLIST_KEY_UIApplicationSceneManifest_Generation = YES;
				INFOPLIST_KEY_UIApplicationSupportsIndirectInputEvents = YES;
				INFOPLIST_KEY_UILaunchScreen_Generation = YES;
				INFOPLIST_KEY_UISupportedInterfaceOrientations_iPad = "UIInterfaceOrientationPortrait UIInterfaceOrientationPortraitUpsideDown UIInterfaceOrientationLandscapeLeft UIInterfaceOrientationLandscapeRight";
				INFOPLIST_KEY_UISupportedInterfaceOrientations_iPhone = "UIInterfaceOrientationPortrait UIInterfaceOrientationLandscapeLeft UIInterfaceOrientationLandscapeRight";
				LD_RUNPATH_SEARCH_PATHS = (
					"$(inherited)",
					"@executable_path/Frameworks",
				);
				MARKETING_VERSION = 1.0;
				PRODUCT_BUNDLE_IDENTIFIER = com.danielaturiello.nanochallenge.ClonePhotosApp;
				PRODUCT_NAME = "$(TARGET_NAME)";
				SWIFT_EMIT_LOC_STRINGS = YES;
				SWIFT_VERSION = 5.0;
				TARGETED_DEVICE_FAMILY = "1,2";
			};
			name = Debug;
		};
		CC8581EE2B0BAEEB00382E44 /* Release */ = {
			isa = XCBuildConfiguration;
			buildSettings = {
				ASSETCATALOG_COMPILER_APPICON_NAME = AppIcon;
				ASSETCATALOG_COMPILER_GLOBAL_ACCENT_COLOR_NAME = AccentColor;
				CODE_SIGN_STYLE = Automatic;
				CURRENT_PROJECT_VERSION = 1;
				DEVELOPMENT_ASSET_PATHS = "\"ClonePhotosApp/Preview Content\"";
				DEVELOPMENT_TEAM = 23L9QGGB4X;
				ENABLE_PREVIEWS = YES;
				GENERATE_INFOPLIST_FILE = YES;
				INFOPLIST_KEY_LSApplicationCategoryType = "";
				INFOPLIST_KEY_NSCameraUsageDescription = "";
				INFOPLIST_KEY_UIApplicationSceneManifest_Generation = YES;
				INFOPLIST_KEY_UIApplicationSupportsIndirectInputEvents = YES;
				INFOPLIST_KEY_UILaunchScreen_Generation = YES;
				INFOPLIST_KEY_UISupportedInterfaceOrientations_iPad = "UIInterfaceOrientationPortrait UIInterfaceOrientationPortraitUpsideDown UIInterfaceOrientationLandscapeLeft UIInterfaceOrientationLandscapeRight";
				INFOPLIST_KEY_UISupportedInterfaceOrientations_iPhone = "UIInterfaceOrientationPortrait UIInterfaceOrientationLandscapeLeft UIInterfaceOrientationLandscapeRight";
				LD_RUNPATH_SEARCH_PATHS = (
					"$(inherited)",
					"@executable_path/Frameworks",
				);
				MARKETING_VERSION = 1.0;
				PRODUCT_BUNDLE_IDENTIFIER = com.danielaturiello.nanochallenge.ClonePhotosApp;
				PRODUCT_NAME = "$(TARGET_NAME)";
				SWIFT_EMIT_LOC_STRINGS = YES;
				SWIFT_VERSION = 5.0;
				TARGETED_DEVICE_FAMILY = "1,2";
			};
			name = Release;
		};
/* End XCBuildConfiguration section */

/* Begin XCConfigurationList section */
		CC8581D92B0BAEEA00382E44 /* Build configuration list for PBXProject "ClonePhotosApp" */ = {
			isa = XCConfigurationList;
			buildConfigurations = (
				CC8581EA2B0BAEEB00382E44 /* Debug */,
				CC8581EB2B0BAEEB00382E44 /* Release */,
			);
			defaultConfigurationIsVisible = 0;
			defaultConfigurationName = Release;
		};
		CC8581EC2B0BAEEB00382E44 /* Build configuration list for PBXNativeTarget "ClonePhotosApp" */ = {
			isa = XCConfigurationList;
			buildConfigurations = (
				CC8581ED2B0BAEEB00382E44 /* Debug */,
				CC8581EE2B0BAEEB00382E44 /* Release */,
			);
			defaultConfigurationIsVisible = 0;
			defaultConfigurationName = Release;
		};
/* End XCConfigurationList section */
	};
	rootObject = CC8581D62B0BAEEA00382E44 /* Project object */;
}
